
Microsoft Visual Studio Solution File, Format Version 12.00
# Visual Studio Version 17
VisualStudioVersion = 17.2.32526.322
MinimumVisualStudioVersion = 10.0.40219.1
Project("{2150E333-8FDC-42A3-9474-1A3956D46DE8}") = "Application", "Application", "{0D7D8671-5741-441D-87F0-54C21BCE9E9E}"
EndProject
Project("{2150E333-8FDC-42A3-9474-1A3956D46DE8}") = "Domain", "Domain", "{AA3704EC-2C85-4ABF-A758-21771FAEE2BC}"
EndProject
Project("{2150E333-8FDC-42A3-9474-1A3956D46DE8}") = "Infra.Ioc", "Infra.Ioc", "{95AC8F5D-0AB5-4598-999B-4B840B3EC3EF}"
EndProject
Project("{2150E333-8FDC-42A3-9474-1A3956D46DE8}") = "Infra.Data", "Infra.Data", "{C5D6F8EB-7915-4780-B0CC-CB82A3D249FD}"
EndProject
Project("{2150E333-8FDC-42A3-9474-1A3956D46DE8}") = "Presentation", "Presentation", "{DD65B91A-676A-40A7-A964-1023F12877EE}"
EndProject
Project("{9A19103F-16F7-4668-BE54-9A1E7A4F7556}") = "CleanArch.Domain", "CleanArch.Domain\CleanArch.Domain.csproj", "{134DB054-5B50-4DED-AB42-FB49C6A578E2}"
EndProject
Project("{9A19103F-16F7-4668-BE54-9A1E7A4F7556}") = "CleanArch.MVC", "CleanArch.MVC\CleanArch.MVC.csproj", "{B631A964-503E-40AA-8E5A-B6B46106661D}"
EndProject
Project("{FAE04EC0-301F-11D3-BF4B-00C04F79EFBC}") = "CleanArch.Infra.Data", "CleanArch.Infra.Data\CleanArch.Infra.Data.csproj", "{ED64A873-ECE1-43B2-9EA9-E2E5948C87E3}"
EndProject
Project("{FAE04EC0-301F-11D3-BF4B-00C04F79EFBC}") = "CleanArch.Application", "CleanArch.Application\CleanArch.Application.csproj", "{4F093EC9-20D9-466E-8F7D-7D45078ABF34}"
EndProject
Project("{FAE04EC0-301F-11D3-BF4B-00C04F79EFBC}") = "CleanArch.Infra.Ioc", "CleanArch.Infra.Ioc\CleanArch.Infra.Ioc.csproj", "{E0CC24C5-7019-4519-A9E0-92A460FB6EEA}"
EndProject
Project("{2150E333-8FDC-42A3-9474-1A3956D46DE8}") = "Infra.Bus", "Infra.Bus", "{2E6A7A95-A1AB-4176-B699-B264FFF0AF36}"
EndProject
Project("{2150E333-8FDC-42A3-9474-1A3956D46DE8}") = "Api", "Api", "{742B7BC8-0167-4243-8303-0FE92227517A}"
EndProject
Project("{FAE04EC0-301F-11D3-BF4B-00C04F79EFBC}") = "CleanArch.Infra.Bus", "CleanArch.Infra.Bus\CleanArch.Infra.Bus.csproj", "{D1C309B4-A90D-4B66-BF52-BA0E7B2E3982}"
EndProject
Project("{FAE04EC0-301F-11D3-BF4B-00C04F79EFBC}") = "CleanArch.Domain.Core", "CleanArch.Domain.Core\CleanArch.Domain.Core.csproj", "{89BCDED3-0AA6-4B36-968E-17984C06B4AB}"
EndProject
Project("{FAE04EC0-301F-11D3-BF4B-00C04F79EFBC}") = "CleanArch.Api", "CleanArch.Api\CleanArch.Api.csproj", "{BDD164B8-CC2E-4A24-BC2B-EBE7DB5C523D}"
EndProject
Global
	GlobalSection(SolutionConfigurationPlatforms) = preSolution
		Debug|Any CPU = Debug|Any CPU
		Release|Any CPU = Release|Any CPU
	EndGlobalSection
	GlobalSection(ProjectConfigurationPlatforms) = postSolution
		{134DB054-5B50-4DED-AB42-FB49C6A578E2}.Debug|Any CPU.ActiveCfg = Debug|Any CPU
		{134DB054-5B50-4DED-AB42-FB49C6A578E2}.Debug|Any CPU.Build.0 = Debug|Any CPU
		{134DB054-5B50-4DED-AB42-FB49C6A578E2}.Release|Any CPU.ActiveCfg = Release|Any CPU
		{134DB054-5B50-4DED-AB42-FB49C6A578E2}.Release|Any CPU.Build.0 = Release|Any CPU
		{B631A964-503E-40AA-8E5A-B6B46106661D}.Debug|Any CPU.ActiveCfg = Debug|Any CPU
		{B631A964-503E-40AA-8E5A-B6B46106661D}.Debug|Any CPU.Build.0 = Debug|Any CPU
		{B631A964-503E-40AA-8E5A-B6B46106661D}.Release|Any CPU.ActiveCfg = Release|Any CPU
		{B631A964-503E-40AA-8E5A-B6B46106661D}.Release|Any CPU.Build.0 = Release|Any CPU
		{ED64A873-ECE1-43B2-9EA9-E2E5948C87E3}.Debug|Any CPU.ActiveCfg = Debug|Any CPU
		{ED64A873-ECE1-43B2-9EA9-E2E5948C87E3}.Debug|Any CPU.Build.0 = Debug|Any CPU
		{ED64A873-ECE1-43B2-9EA9-E2E5948C87E3}.Release|Any CPU.ActiveCfg = Release|Any CPU
		{ED64A873-ECE1-43B2-9EA9-E2E5948C87E3}.Release|Any CPU.Build.0 = Release|Any CPU
		{4F093EC9-20D9-466E-8F7D-7D45078ABF34}.Debug|Any CPU.ActiveCfg = Debug|Any CPU
		{4F093EC9-20D9-466E-8F7D-7D45078ABF34}.Debug|Any CPU.Build.0 = Debug|Any CPU
		{4F093EC9-20D9-466E-8F7D-7D45078ABF34}.Release|Any CPU.ActiveCfg = Release|Any CPU
		{4F093EC9-20D9-466E-8F7D-7D45078ABF34}.Release|Any CPU.Build.0 = Release|Any CPU
		{E0CC24C5-7019-4519-A9E0-92A460FB6EEA}.Debug|Any CPU.ActiveCfg = Debug|Any CPU
		{E0CC24C5-7019-4519-A9E0-92A460FB6EEA}.Debug|Any CPU.Build.0 = Debug|Any CPU
		{E0CC24C5-7019-4519-A9E0-92A460FB6EEA}.Release|Any CPU.ActiveCfg = Release|Any CPU
		{E0CC24C5-7019-4519-A9E0-92A460FB6EEA}.Release|Any CPU.Build.0 = Release|Any CPU
		{D1C309B4-A90D-4B66-BF52-BA0E7B2E3982}.Debug|Any CPU.ActiveCfg = Debug|Any CPU
		{D1C309B4-A90D-4B66-BF52-BA0E7B2E3982}.Debug|Any CPU.Build.0 = Debug|Any CPU
		{D1C309B4-A90D-4B66-BF52-BA0E7B2E3982}.Release|Any CPU.ActiveCfg = Release|Any CPU
		{D1C309B4-A90D-4B66-BF52-BA0E7B2E3982}.Release|Any CPU.Build.0 = Release|Any CPU
		{89BCDED3-0AA6-4B36-968E-17984C06B4AB}.Debug|Any CPU.ActiveCfg = Debug|Any CPU
		{89BCDED3-0AA6-4B36-968E-17984C06B4AB}.Debug|Any CPU.Build.0 = Debug|Any CPU
		{89BCDED3-0AA6-4B36-968E-17984C06B4AB}.Release|Any CPU.ActiveCfg = Release|Any CPU
		{89BCDED3-0AA6-4B36-968E-17984C06B4AB}.Release|Any CPU.Build.0 = Release|Any CPU
		{BDD164B8-CC2E-4A24-BC2B-EBE7DB5C523D}.Debug|Any CPU.ActiveCfg = Debug|Any CPU
		{BDD164B8-CC2E-4A24-BC2B-EBE7DB5C523D}.Debug|Any CPU.Build.0 = Debug|Any CPU
		{BDD164B8-CC2E-4A24-BC2B-EBE7DB5C523D}.Release|Any CPU.ActiveCfg = Release|Any CPU
		{BDD164B8-CC2E-4A24-BC2B-EBE7DB5C523D}.Release|Any CPU.Build.0 = Release|Any CPU
	EndGlobalSection
	GlobalSection(SolutionProperties) = preSolution
		HideSolutionNode = FALSE
	EndGlobalSection
	GlobalSection(NestedProjects) = preSolution
		{134DB054-5B50-4DED-AB42-FB49C6A578E2} = {AA3704EC-2C85-4ABF-A758-21771FAEE2BC}
		{B631A964-503E-40AA-8E5A-B6B46106661D} = {DD65B91A-676A-40A7-A964-1023F12877EE}
		{ED64A873-ECE1-43B2-9EA9-E2E5948C87E3} = {C5D6F8EB-7915-4780-B0CC-CB82A3D249FD}
		{4F093EC9-20D9-466E-8F7D-7D45078ABF34} = {0D7D8671-5741-441D-87F0-54C21BCE9E9E}
		{E0CC24C5-7019-4519-A9E0-92A460FB6EEA} = {95AC8F5D-0AB5-4598-999B-4B840B3EC3EF}
		{D1C309B4-A90D-4B66-BF52-BA0E7B2E3982} = {2E6A7A95-A1AB-4176-B699-B264FFF0AF36}
		{89BCDED3-0AA6-4B36-968E-17984C06B4AB} = {AA3704EC-2C85-4ABF-A758-21771FAEE2BC}
		{BDD164B8-CC2E-4A24-BC2B-EBE7DB5C523D} = {742B7BC8-0167-4243-8303-0FE92227517A}
	EndGlobalSection
	GlobalSection(ExtensibilityGlobals) = postSolution
		SolutionGuid = {C8504805-D9DA-497B-A887-CAEF6A8F906B}
	EndGlobalSection
EndGlobal
